
Microsoft Visual Studio Solution File, Format Version 12.00
# Visual Studio Version 17
VisualStudioVersion = 17.2.32616.157
MinimumVisualStudioVersion = 10.0.40219.1
Project("{FAE04EC0-301F-11D3-BF4B-00C04F79EFBC}") = "DevConsole", "DevConsole\DevConsole.csproj", "{5DE8C4E0-D71E-422A-8F5C-01B5BB72DE05}"
EndProject
Project("{FAE04EC0-301F-11D3-BF4B-00C04F79EFBC}") = "JassBot", "JassBot\JassBot.csproj", "{1DC136FD-38A2-4317-8B85-0FE84F57A3BE}"
EndProject
Global
	GlobalSection(SolutionConfigurationPlatforms) = preSolution
		Debug|Any CPU = Debug|Any CPU
		Release|Any CPU = Release|Any CPU
	EndGlobalSection
	GlobalSection(ProjectConfigurationPlatforms) = postSolution
		{5DE8C4E0-D71E-422A-8F5C-01B5BB72DE05}.Debug|Any CPU.ActiveCfg = Debug|Any CPU
		{5DE8C4E0-D71E-422A-8F5C-01B5BB72DE05}.Debug|Any CPU.Build.0 = Debug|Any CPU
		{5DE8C4E0-D71E-422A-8F5C-01B5BB72DE05}.Release|Any CPU.ActiveCfg = Release|Any CPU
		{5DE8C4E0-D71E-422A-8F5C-01B5BB72DE05}.Release|Any CPU.Build.0 = Release|Any CPU
		{1DC136FD-38A2-4317-8B85-0FE84F57A3BE}.Debug|Any CPU.ActiveCfg = Debug|Any CPU
		{1DC136FD-38A2-4317-8B85-0FE84F57A3BE}.Debug|Any CPU.Build.0 = Debug|Any CPU
		{1DC136FD-38A2-4317-8B85-0FE84F57A3BE}.Release|Any CPU.ActiveCfg = Release|Any CPU
		{1DC136FD-38A2-4317-8B85-0FE84F57A3BE}.Release|Any CPU.Build.0 = Release|Any CPU
	EndGlobalSection
	GlobalSection(SolutionProperties) = preSolution
		HideSolutionNode = FALSE
	EndGlobalSection
	GlobalSection(ExtensibilityGlobals) = postSolution
		SolutionGuid = {CDE03D3C-4765-423C-A58E-D3E74EC016B8}
	EndGlobalSection
EndGlobal
